<?xml version="1.0" encoding="utf-8"?>
<Project ToolsVersion="4.0" xmlns="http://schemas.microsoft.com/developer/msbuild/2003">
  <ItemGroup>
    <Filter Include="Source Files">
      <UniqueIdentifier>{4FC737F1-C7A5-4376-A066-2A32D752A2FF}</UniqueIdentifier>
      <Extensions>cpp;c;cc;cxx;c++;cppm;ixx;def;odl;idl;hpj;bat;asm;asmx</Extensions>
    </Filter>
    <Filter Include="Header Files">
      <UniqueIdentifier>{93995380-89BD-4b04-88EB-625FBE52EBFB}</UniqueIdentifier>
      <Extensions>h;hh;hpp;hxx;h++;hm;inl;inc;ipp;xsd</Extensions>
    </Filter>
    <Filter Include="Resource Files">
      <UniqueIdentifier>{67DA6AB6-F800-4c08-8B7A-83BB121AAD01}</UniqueIdentifier>
      <Extensions>rc;ico;cur;bmp;dlg;rc2;rct;bin;rgs;gif;jpg;jpeg;jpe;resx;tiff;tif;png;wav;mfcribbon-ms</Extensions>
    </Filter>
    <Filter Include="Source Files\Core">
      <UniqueIdentifier>{1395dcbc-e8c7-4370-ace5-73d8cd8477a6}</UniqueIdentifier>
    </Filter>
    <Filter Include="Source Files\Core\GameObjects">
      <UniqueIdentifier>{2899bb16-a44b-43af-96ca-f922cc46d658}</UniqueIdentifier>
    </Filter>
    <Filter Include="Source Files\Core\Managers">
      <UniqueIdentifier>{f67a0699-88a1-40f6-a9a6-77f10f7f4ccc}</UniqueIdentifier>
    </Filter>
    <Filter Include="Source Files\Core\StateMachine">
      <UniqueIdentifier>{d301d65a-6f3b-4086-adb5-078a0bdb1628}</UniqueIdentifier>
    </Filter>
    <Filter Include="Source Files\GameStates">
      <UniqueIdentifier>{4deaa49c-efda-4fb4-8fb9-0d6b513d3132}</UniqueIdentifier>
    </Filter>
    <Filter Include="Header Files\Core">
      <UniqueIdentifier>{a9c915aa-58ee-4e9e-8063-4e0e0e9777ab}</UniqueIdentifier>
    </Filter>
    <Filter Include="Header Files\GameStates">
      <UniqueIdentifier>{97c70853-9721-461c-91b2-05de5ac289ad}</UniqueIdentifier>
    </Filter>
    <Filter Include="Header Files\Core\GameObjects">
      <UniqueIdentifier>{a4c08dfe-7d57-4891-b3c6-03b0d5511a05}</UniqueIdentifier>
    </Filter>
    <Filter Include="Header Files\Core\Managers">
      <UniqueIdentifier>{ffb09fe2-a129-4a45-a859-f3982ce06c22}</UniqueIdentifier>
    </Filter>
    <Filter Include="Header Files\Core\StateMachine">
      <UniqueIdentifier>{9cacce35-3ec3-4663-bc33-e0efc1f35be7}</UniqueIdentifier>
    </Filter>
    <Filter Include="Header Files\Core\Utils">
      <UniqueIdentifier>{7ee564ae-78ea-4471-987c-56e67c63bf05}</UniqueIdentifier>
    </Filter>
    <Filter Include="Resource Files\Audio">
      <UniqueIdentifier>{47bd8dc7-b974-47c8-aebf-d2b636a02b87}</UniqueIdentifier>
    </Filter>
    <Filter Include="Resource Files\Fonts">
      <UniqueIdentifier>{6a2aff3d-bd8a-41e2-b9e7-d169fd9389ca}</UniqueIdentifier>
    </Filter>
    <Filter Include="Resource Files\Sprites">
      <UniqueIdentifier>{1c9bfe45-ad54-4325-b964-7b9ccd332bbb}</UniqueIdentifier>
    </Filter>
    <Filter Include="Resource Files\Textures">
      <UniqueIdentifier>{102298d5-47ba-4ba3-9c24-e49093c6ac2a}</UniqueIdentifier>
    </Filter>
  </ItemGroup>
  <ItemGroup>
    <ClCompile Include="Main.cpp">
      <Filter>Source Files\Core</Filter>
    </ClCompile>
    <ClCompile Include="TestMenuState.cpp">
      <Filter>Source Files\GameStates</Filter>
    </ClCompile>
    <ClCompile Include="Button.cpp">
      <Filter>Source Files\Core\GameObjects</Filter>
    </ClCompile>
    <ClCompile Include="StaticImage.cpp">
      <Filter>Source Files\Core\GameObjects</Filter>
    </ClCompile>
    <ClCompile Include="TextureManager.cpp">
      <Filter>Source Files\Core\Managers</Filter>
    </ClCompile>
    <ClCompile Include="GameManager.cpp">
      <Filter>Source Files\Core\Managers</Filter>
    </ClCompile>
    <ClCompile Include="InputManager.cpp">
      <Filter>Source Files\Core\Managers</Filter>
    </ClCompile>
    <ClCompile Include="SoundManager.cpp">
      <Filter>Source Files\Core\Managers</Filter>
    </ClCompile>
    <ClCompile Include="GameStateMachine.cpp">
      <Filter>Source Files\Core\StateMachine</Filter>
    </ClCompile>
    <ClCompile Include="TTFLoader.cpp">
      <Filter>Source Files\Core\Managers</Filter>
    </ClCompile>
    <ClCompile Include="TextBox.cpp">
      <Filter>Source Files\Core\GameObjects</Filter>
    </ClCompile>
  </ItemGroup>
  <ItemGroup>
    <ClInclude Include="TestMenuState.h">
      <Filter>Header Files\GameStates</Filter>
    </ClInclude>
    <ClInclude Include="Button.h">
      <Filter>Header Files\Core\GameObjects</Filter>
    </ClInclude>
    <ClInclude Include="GameObject.h">
      <Filter>Header Files\Core\GameObjects</Filter>
    </ClInclude>
    <ClInclude Include="StaticImage.h">
      <Filter>Header Files\Core\GameObjects</Filter>
    </ClInclude>
    <ClInclude Include="SoundManager.h">
      <Filter>Header Files\Core\Managers</Filter>
    </ClInclude>
    <ClInclude Include="InputManager.h">
      <Filter>Header Files\Core\Managers</Filter>
    </ClInclude>
    <ClInclude Include="GameManager.h">
      <Filter>Header Files\Core\Managers</Filter>
    </ClInclude>
    <ClInclude Include="TextureManager.h">
      <Filter>Header Files\Core\Managers</Filter>
    </ClInclude>
    <ClInclude Include="GameStateBase.h">
      <Filter>Header Files\Core\StateMachine</Filter>
    </ClInclude>
    <ClInclude Include="GameStateMachine.h">
      <Filter>Header Files\Core\StateMachine</Filter>
    </ClInclude>
    <ClInclude Include="Vector2.h">
      <Filter>Header Files\Core\Utils</Filter>
    </ClInclude>
    <ClInclude Include="TTFLoader.h">
      <Filter>Header Files\Core\Managers</Filter>
    </ClInclude>
    <ClInclude Include="TextBox.h">
      <Filter>Header Files\Core\GameObjects</Filter>
    </ClInclude>
  </ItemGroup>
  <ItemGroup>
    <Image Include="Resource Files\Sprites\btn_test.png">
      <Filter>Resource Files\Sprites</Filter>
    </Image>
    <Image Include="Resource Files\Textures\test_state_bg.png">
      <Filter>Resource Files\Textures</Filter>
    </Image>
  </ItemGroup>
  <ItemGroup>
    <Media Include="Resource Files\Audio\music_test.wav">
      <Filter>Resource Files\Audio</Filter>
    </Media>
    <Media Include="Resource Files\Audio\sfx_test.wav">
      <Filter>Resource Files\Audio</Filter>
    </Media>
  </ItemGroup>
  <ItemGroup>
    <Font Include="Resource Files\Fonts\pixelFont.ttf">
      <Filter>Resource Files\Fonts</Filter>
    </Font>
    <Font Include="..\SDL_BASE_PROJECT\Resource Files\Fonts\DIOGENES.ttf">
      <Filter>Resource Files\Fonts</Filter>
    </Font>
  </ItemGroup>
</Project>